
Microsoft Visual Studio Solution File, Format Version 12.00
# Visual Studio Version 16
VisualStudioVersion = 16.0.29806.167
MinimumVisualStudioVersion = 10.0.40219.1
Project("{2150E333-8FDC-42A3-9474-1A3956D46DE8}") = "CustomerApi", "CustomerApi", "{8755989E-6A47-4DB5-A6B0-26C907A4B6DB}"
EndProject
Project("{9A19103F-16F7-4668-BE54-9A1E7A4F7556}") = "CustomerApi.DataAccess", "CustomerApi.DataAccess\CustomerApi.DataAccess.csproj", "{C303C47B-95D8-4E8C-806F-DD6A20B3192A}"
EndProject
Project("{9A19103F-16F7-4668-BE54-9A1E7A4F7556}") = "CustomerApi.Model", "CustomerApi.Model\CustomerApi.Model.csproj", "{6499ACA3-64EE-4D8F-A2E7-7144800BFA26}"
EndProject
Project("{9A19103F-16F7-4668-BE54-9A1E7A4F7556}") = "CustomerApi.RabbitMq", "CustomerApi.RabbitMq\CustomerApi.RabbitMq.csproj", "{DE731F31-65B5-40B4-9940-0BF297A19EB5}"
EndProject
Project("{9A19103F-16F7-4668-BE54-9A1E7A4F7556}") = "CustomerApi.WebApi", "CustomerApi.WebApi\CustomerApi.WebApi.csproj", "{2E08D459-4473-497D-87F7-23E596401447}"
EndProject
Project("{9A19103F-16F7-4668-BE54-9A1E7A4F7556}") = "CustomerApi.MediatR", "CustomerApi.MediatR\CustomerApi.MediatR.csproj", "{CCC1C9C0-E98B-443F-A438-4E71EE0ED64B}"
EndProject
Project("{9A19103F-16F7-4668-BE54-9A1E7A4F7556}") = "CustomerApi.Data", "CustomerApi.Data\CustomerApi.Data.csproj", "{C677BB19-1633-4C0E-975F-180513694272}"
EndProject
Project("{2150E333-8FDC-42A3-9474-1A3956D46DE8}") = "OrderApi", "OrderApi", "{52F59754-4A6B-490A-A5C9-A9EC6C7BCBCA}"
EndProject
Project("{FAE04EC0-301F-11D3-BF4B-00C04F79EFBC}") = "OrderApi.Data", "OrderApi.Data\OrderApi.Data.csproj", "{13BFCDD7-F315-4F16-864B-ACBEF47E9D84}"
EndProject
Project("{FAE04EC0-301F-11D3-BF4B-00C04F79EFBC}") = "OrderApi.DataAccess", "OrderApi.DataAccess\OrderApi.DataAccess.csproj", "{02723EF2-9087-49CF-A074-7D12373470E6}"
EndProject
Project("{FAE04EC0-301F-11D3-BF4B-00C04F79EFBC}") = "OrderApi.MediatR", "OrderApi.MediatR\OrderApi.MediatR.csproj", "{583647AA-6563-4CB2-8DF4-BBE37489B812}"
EndProject
Project("{FAE04EC0-301F-11D3-BF4B-00C04F79EFBC}") = "OrderApi.Model", "OrderApi.Model\OrderApi.Model.csproj", "{62E2BA45-6C3F-45FD-B96C-C7BFF6077B83}"
EndProject
Project("{FAE04EC0-301F-11D3-BF4B-00C04F79EFBC}") = "OrderApi.RabbitMq", "OrderApi.RabbitMq\OrderApi.RabbitMq.csproj", "{8DE56ECA-B02E-4D5C-A626-AB566C72FE71}"
EndProject
Project("{FAE04EC0-301F-11D3-BF4B-00C04F79EFBC}") = "OrderApi.WebApi", "OrderApi.WebApi\OrderApi.WebApi.csproj", "{D2BCDE61-83F6-405F-952C-1F4BEBBEDB60}"
EndProject
Project("{FAE04EC0-301F-11D3-BF4B-00C04F79EFBC}") = "Microservices.Core", "Microservices.Core\Microservices.Core.csproj", "{D9C29C87-9C2A-4CDA-8474-01ACE6A2D93B}"
EndProject
Global
	GlobalSection(SolutionConfigurationPlatforms) = preSolution
		Debug|Any CPU = Debug|Any CPU
		Release|Any CPU = Release|Any CPU
	EndGlobalSection
	GlobalSection(ProjectConfigurationPlatforms) = postSolution
		{C303C47B-95D8-4E8C-806F-DD6A20B3192A}.Debug|Any CPU.ActiveCfg = Debug|Any CPU
		{C303C47B-95D8-4E8C-806F-DD6A20B3192A}.Debug|Any CPU.Build.0 = Debug|Any CPU
		{C303C47B-95D8-4E8C-806F-DD6A20B3192A}.Release|Any CPU.ActiveCfg = Release|Any CPU
		{C303C47B-95D8-4E8C-806F-DD6A20B3192A}.Release|Any CPU.Build.0 = Release|Any CPU
		{6499ACA3-64EE-4D8F-A2E7-7144800BFA26}.Debug|Any CPU.ActiveCfg = Debug|Any CPU
		{6499ACA3-64EE-4D8F-A2E7-7144800BFA26}.Debug|Any CPU.Build.0 = Debug|Any CPU
		{6499ACA3-64EE-4D8F-A2E7-7144800BFA26}.Release|Any CPU.ActiveCfg = Release|Any CPU
		{6499ACA3-64EE-4D8F-A2E7-7144800BFA26}.Release|Any CPU.Build.0 = Release|Any CPU
		{DE731F31-65B5-40B4-9940-0BF297A19EB5}.Debug|Any CPU.ActiveCfg = Debug|Any CPU
		{DE731F31-65B5-40B4-9940-0BF297A19EB5}.Debug|Any CPU.Build.0 = Debug|Any CPU
		{DE731F31-65B5-40B4-9940-0BF297A19EB5}.Release|Any CPU.ActiveCfg = Release|Any CPU
		{DE731F31-65B5-40B4-9940-0BF297A19EB5}.Release|Any CPU.Build.0 = Release|Any CPU
		{2E08D459-4473-497D-87F7-23E596401447}.Debug|Any CPU.ActiveCfg = Debug|Any CPU
		{2E08D459-4473-497D-87F7-23E596401447}.Debug|Any CPU.Build.0 = Debug|Any CPU
		{2E08D459-4473-497D-87F7-23E596401447}.Release|Any CPU.ActiveCfg = Release|Any CPU
		{2E08D459-4473-497D-87F7-23E596401447}.Release|Any CPU.Build.0 = Release|Any CPU
		{CCC1C9C0-E98B-443F-A438-4E71EE0ED64B}.Debug|Any CPU.ActiveCfg = Debug|Any CPU
		{CCC1C9C0-E98B-443F-A438-4E71EE0ED64B}.Debug|Any CPU.Build.0 = Debug|Any CPU
		{CCC1C9C0-E98B-443F-A438-4E71EE0ED64B}.Release|Any CPU.ActiveCfg = Release|Any CPU
		{CCC1C9C0-E98B-443F-A438-4E71EE0ED64B}.Release|Any CPU.Build.0 = Release|Any CPU
		{C677BB19-1633-4C0E-975F-180513694272}.Debug|Any CPU.ActiveCfg = Debug|Any CPU
		{C677BB19-1633-4C0E-975F-180513694272}.Debug|Any CPU.Build.0 = Debug|Any CPU
		{C677BB19-1633-4C0E-975F-180513694272}.Release|Any CPU.ActiveCfg = Release|Any CPU
		{C677BB19-1633-4C0E-975F-180513694272}.Release|Any CPU.Build.0 = Release|Any CPU
		{13BFCDD7-F315-4F16-864B-ACBEF47E9D84}.Debug|Any CPU.ActiveCfg = Debug|Any CPU
		{13BFCDD7-F315-4F16-864B-ACBEF47E9D84}.Debug|Any CPU.Build.0 = Debug|Any CPU
		{13BFCDD7-F315-4F16-864B-ACBEF47E9D84}.Release|Any CPU.ActiveCfg = Release|Any CPU
		{13BFCDD7-F315-4F16-864B-ACBEF47E9D84}.Release|Any CPU.Build.0 = Release|Any CPU
		{02723EF2-9087-49CF-A074-7D12373470E6}.Debug|Any CPU.ActiveCfg = Debug|Any CPU
		{02723EF2-9087-49CF-A074-7D12373470E6}.Debug|Any CPU.Build.0 = Debug|Any CPU
		{02723EF2-9087-49CF-A074-7D12373470E6}.Release|Any CPU.ActiveCfg = Release|Any CPU
		{02723EF2-9087-49CF-A074-7D12373470E6}.Release|Any CPU.Build.0 = Release|Any CPU
		{583647AA-6563-4CB2-8DF4-BBE37489B812}.Debug|Any CPU.ActiveCfg = Debug|Any CPU
		{583647AA-6563-4CB2-8DF4-BBE37489B812}.Debug|Any CPU.Build.0 = Debug|Any CPU
		{583647AA-6563-4CB2-8DF4-BBE37489B812}.Release|Any CPU.ActiveCfg = Release|Any CPU
		{583647AA-6563-4CB2-8DF4-BBE37489B812}.Release|Any CPU.Build.0 = Release|Any CPU
		{62E2BA45-6C3F-45FD-B96C-C7BFF6077B83}.Debug|Any CPU.ActiveCfg = Debug|Any CPU
		{62E2BA45-6C3F-45FD-B96C-C7BFF6077B83}.Debug|Any CPU.Build.0 = Debug|Any CPU
		{62E2BA45-6C3F-45FD-B96C-C7BFF6077B83}.Release|Any CPU.ActiveCfg = Release|Any CPU
		{62E2BA45-6C3F-45FD-B96C-C7BFF6077B83}.Release|Any CPU.Build.0 = Release|Any CPU
		{8DE56ECA-B02E-4D5C-A626-AB566C72FE71}.Debug|Any CPU.ActiveCfg = Debug|Any CPU
		{8DE56ECA-B02E-4D5C-A626-AB566C72FE71}.Debug|Any CPU.Build.0 = Debug|Any CPU
		{8DE56ECA-B02E-4D5C-A626-AB566C72FE71}.Release|Any CPU.ActiveCfg = Release|Any CPU
		{8DE56ECA-B02E-4D5C-A626-AB566C72FE71}.Release|Any CPU.Build.0 = Release|Any CPU
		{D2BCDE61-83F6-405F-952C-1F4BEBBEDB60}.Debug|Any CPU.ActiveCfg = Debug|Any CPU
		{D2BCDE61-83F6-405F-952C-1F4BEBBEDB60}.Debug|Any CPU.Build.0 = Debug|Any CPU
		{D2BCDE61-83F6-405F-952C-1F4BEBBEDB60}.Release|Any CPU.ActiveCfg = Release|Any CPU
		{D2BCDE61-83F6-405F-952C-1F4BEBBEDB60}.Release|Any CPU.Build.0 = Release|Any CPU
		{D9C29C87-9C2A-4CDA-8474-01ACE6A2D93B}.Debug|Any CPU.ActiveCfg = Debug|Any CPU
		{D9C29C87-9C2A-4CDA-8474-01ACE6A2D93B}.Debug|Any CPU.Build.0 = Debug|Any CPU
		{D9C29C87-9C2A-4CDA-8474-01ACE6A2D93B}.Release|Any CPU.ActiveCfg = Release|Any CPU
		{D9C29C87-9C2A-4CDA-8474-01ACE6A2D93B}.Release|Any CPU.Build.0 = Release|Any CPU
	EndGlobalSection
	GlobalSection(SolutionProperties) = preSolution
		HideSolutionNode = FALSE
	EndGlobalSection
	GlobalSection(NestedProjects) = preSolution
		{C303C47B-95D8-4E8C-806F-DD6A20B3192A} = {8755989E-6A47-4DB5-A6B0-26C907A4B6DB}
		{6499ACA3-64EE-4D8F-A2E7-7144800BFA26} = {8755989E-6A47-4DB5-A6B0-26C907A4B6DB}
		{DE731F31-65B5-40B4-9940-0BF297A19EB5} = {8755989E-6A47-4DB5-A6B0-26C907A4B6DB}
		{2E08D459-4473-497D-87F7-23E596401447} = {8755989E-6A47-4DB5-A6B0-26C907A4B6DB}
		{CCC1C9C0-E98B-443F-A438-4E71EE0ED64B} = {8755989E-6A47-4DB5-A6B0-26C907A4B6DB}
		{C677BB19-1633-4C0E-975F-180513694272} = {8755989E-6A47-4DB5-A6B0-26C907A4B6DB}
		{13BFCDD7-F315-4F16-864B-ACBEF47E9D84} = {52F59754-4A6B-490A-A5C9-A9EC6C7BCBCA}
		{02723EF2-9087-49CF-A074-7D12373470E6} = {52F59754-4A6B-490A-A5C9-A9EC6C7BCBCA}
		{583647AA-6563-4CB2-8DF4-BBE37489B812} = {52F59754-4A6B-490A-A5C9-A9EC6C7BCBCA}
		{62E2BA45-6C3F-45FD-B96C-C7BFF6077B83} = {52F59754-4A6B-490A-A5C9-A9EC6C7BCBCA}
		{8DE56ECA-B02E-4D5C-A626-AB566C72FE71} = {52F59754-4A6B-490A-A5C9-A9EC6C7BCBCA}
		{D2BCDE61-83F6-405F-952C-1F4BEBBEDB60} = {52F59754-4A6B-490A-A5C9-A9EC6C7BCBCA}
	EndGlobalSection
	GlobalSection(ExtensibilityGlobals) = postSolution
		SolutionGuid = {172D26FA-1E56-4F67-A534-B5FCF14D6261}
	EndGlobalSection
EndGlobal
